
Microsoft Visual Studio Solution File, Format Version 12.00
# Visual Studio Version 17
VisualStudioVersion = 17.14.36518.9
MinimumVisualStudioVersion = 10.0.40219.1
Project("{FAE04EC0-301F-11D3-BF4B-00C04F79EFBC}") = "UI", "UI\UI.csproj", "{5ED26B07-22C5-4141-BC18-CA7B78F7F89C}"
EndProject
Project("{FAE04EC0-301F-11D3-BF4B-00C04F79EFBC}") = "BLL", "BLL\BLL.csproj", "{AC6B0D08-9CA6-4FF5-8BAD-10ED8C4D1DDE}"
EndProject
Project("{FAE04EC0-301F-11D3-BF4B-00C04F79EFBC}") = "DAL", "DAL\DAL.csproj", "{C7FAB104-8C5C-4FD1-8D8A-2BF71AB63FCE}"
EndProject
Project("{FAE04EC0-301F-11D3-BF4B-00C04F79EFBC}") = "BE", "BE\BE.csproj", "{528216E7-E98C-4A14-B8DA-092243E51BB2}"
EndProject
Global
	GlobalSection(SolutionConfigurationPlatforms) = preSolution
		Debug|Any CPU = Debug|Any CPU
		Release|Any CPU = Release|Any CPU
	EndGlobalSection
	GlobalSection(ProjectConfigurationPlatforms) = postSolution
		{5ED26B07-22C5-4141-BC18-CA7B78F7F89C}.Debug|Any CPU.ActiveCfg = Debug|Any CPU
		{5ED26B07-22C5-4141-BC18-CA7B78F7F89C}.Debug|Any CPU.Build.0 = Debug|Any CPU
		{5ED26B07-22C5-4141-BC18-CA7B78F7F89C}.Release|Any CPU.ActiveCfg = Release|Any CPU
		{5ED26B07-22C5-4141-BC18-CA7B78F7F89C}.Release|Any CPU.Build.0 = Release|Any CPU
		{AC6B0D08-9CA6-4FF5-8BAD-10ED8C4D1DDE}.Debug|Any CPU.ActiveCfg = Debug|Any CPU
		{AC6B0D08-9CA6-4FF5-8BAD-10ED8C4D1DDE}.Debug|Any CPU.Build.0 = Debug|Any CPU
		{AC6B0D08-9CA6-4FF5-8BAD-10ED8C4D1DDE}.Release|Any CPU.ActiveCfg = Release|Any CPU
		{AC6B0D08-9CA6-4FF5-8BAD-10ED8C4D1DDE}.Release|Any CPU.Build.0 = Release|Any CPU
		{C7FAB104-8C5C-4FD1-8D8A-2BF71AB63FCE}.Debug|Any CPU.ActiveCfg = Debug|Any CPU
		{C7FAB104-8C5C-4FD1-8D8A-2BF71AB63FCE}.Debug|Any CPU.Build.0 = Debug|Any CPU
		{C7FAB104-8C5C-4FD1-8D8A-2BF71AB63FCE}.Release|Any CPU.ActiveCfg = Release|Any CPU
		{C7FAB104-8C5C-4FD1-8D8A-2BF71AB63FCE}.Release|Any CPU.Build.0 = Release|Any CPU
		{528216E7-E98C-4A14-B8DA-092243E51BB2}.Debug|Any CPU.ActiveCfg = Debug|Any CPU
		{528216E7-E98C-4A14-B8DA-092243E51BB2}.Debug|Any CPU.Build.0 = Debug|Any CPU
		{528216E7-E98C-4A14-B8DA-092243E51BB2}.Release|Any CPU.ActiveCfg = Release|Any CPU
		{528216E7-E98C-4A14-B8DA-092243E51BB2}.Release|Any CPU.Build.0 = Release|Any CPU
	EndGlobalSection
	GlobalSection(SolutionProperties) = preSolution
		HideSolutionNode = FALSE
	EndGlobalSection
	GlobalSection(ExtensibilityGlobals) = postSolution
		SolutionGuid = {54FAF763-A774-48B2-9C4B-A717588FB301}
	EndGlobalSection
EndGlobal
